# This file is automatically @generated by Cargo.
# It is not intended for manual editing.
version = 4

[[package]]
name = "autocfg"
version = "1.5.1"
source = "registry+https://github.com/rust-lang/crates.io-index"
checksum = "f2032f911046de80f0a198e0901378627c33f59ea0ac00e363d481118bd70a53"

[[package]]
name = "bitflags"
version = "2.13.1"
source = "registry+https://github.com/rust-lang/crates.io-index"
checksum = "b588b76d00fde79687d7646a9b5bdf3cc0f655e0bbd080335a95d7e96f3587da"

[[package]]
name = "cc"
version = "1.2.66"
source = "registry+https://github.com/rust-lang/crates.io-index"
checksum = "f5d6cac793997bd970000024b2934968efe83b382de4fdcf4fcb46b6ee4ad996"
dependencies = [
 "find-msvc-tools",
 "shlex",
]

[[package]]
name = "find-msvc-tools"
version = "0.1.9"
source = "registry+https://github.com/rust-lang/crates.io-index"
checksum = "5baebc0774151f905a1a2cc41989300b1e6fbb29aff0ceffa1064fdd3088d582"

[[package]]
name = "flanterm"
version = "0.0.1"
dependencies = [
 "cc",
]

[[package]]
name = "intrusive-collections"
version = "0.10.2"
source = "registry+https://github.com/rust-lang/crates.io-index"
checksum = "4b719c59241cfaac1042a6d26787e28ed7ee4a4e21a5a907786f54222d1b0062"
dependencies = [
 "memoffset",
]

[[package]]
name = "limine"
version = "0.6.5"
dependencies = [
 "uuid",
]

[[package]]
name = "memoffset"
version = "0.9.1"
source = "registry+https://github.com/rust-lang/crates.io-index"
checksum = "488016bfae457b036d996092f6cb448677611ce4449e970ceaf42695203f218a"
dependencies = [
 "autocfg",
]

[[package]]
name = "polaris"
version = "2.0.0"
dependencies = [
 "bitflags",
 "flanterm",
 "intrusive-collections",
 "limine",
 "seq-macro",
]

[[package]]
name = "seq-macro"
version = "0.3.6"
source = "registry+https://github.com/rust-lang/crates.io-index"
checksum = "1bc711410fbe7399f390ca1c3b60ad0f53f80e95c5eb935e52268a0e2cd49acc"

[[package]]
name = "shlex"
version = "2.0.1"
source = "registry+https://github.com/rust-lang/crates.io-index"
checksum = "f8fadd59c855ef2080decdef8ff161eb6661b86933c9d82e5ba29dc602a55aba"

[[package]]
name = "uuid"
version = "1.23.2"
source = "registry+https://github.com/rust-lang/crates.io-index"
checksum = "d258b83ceec21034727ecee8c382cfa6c3e133699b0742c64571814fb420c9f7"
